
Microsoft Visual Studio Solution File, Format Version 12.00
# Visual Studio Version 16
VisualStudioVersion = 16.0.32802.440
MinimumVisualStudioVersion = 10.0.40219.1
Project("{FAE04EC0-301F-11D3-BF4B-00C04F79EFBC}") = "Additional task", "Additional task\Additional task.csproj", "{77B91B94-8F8F-42E0-9BAB-000F4AEC39BD}"
EndProject
Global
	GlobalSection(SolutionConfigurationPlatforms) = preSolution
		Debug|Any CPU = Debug|Any CPU
		Release|Any CPU = Release|Any CPU
	EndGlobalSection
	GlobalSection(ProjectConfigurationPlatforms) = postSolution
		{77B91B94-8F8F-42E0-9BAB-000F4AEC39BD}.Debug|Any CPU.ActiveCfg = Debug|Any CPU
		{77B91B94-8F8F-42E0-9BAB-000F4AEC39BD}.Debug|Any CPU.Build.0 = Debug|Any CPU
		{77B91B94-8F8F-42E0-9BAB-000F4AEC39BD}.Release|Any CPU.ActiveCfg = Release|Any CPU
		{77B91B94-8F8F-42E0-9BAB-000F4AEC39BD}.Release|Any CPU.Build.0 = Release|Any CPU
	EndGlobalSection
	GlobalSection(SolutionProperties) = preSolution
		HideSolutionNode = FALSE
	EndGlobalSection
	GlobalSection(ExtensibilityGlobals) = postSolution
		SolutionGuid = {49B64C68-57D3-40D3-8775-2C8E4C4962A1}
	EndGlobalSection
EndGlobal
